
Microsoft Visual Studio Solution File, Format Version 12.00
Project("{FAE04EC0-301F-11D3-BF4B-00C04F79EFBC}") = "WebClient", "WebClient\WebClient.csproj", "{B2AB9A1C-C1C8-4398-900C-1562C82EED34}"
EndProject
Project("{FAE04EC0-301F-11D3-BF4B-00C04F79EFBC}") = "Core", "Core\Core.csproj", "{CE455195-D135-48BC-B460-86643D782736}"
EndProject
Project("{FAE04EC0-301F-11D3-BF4B-00C04F79EFBC}") = "Domain", "Domain\Domain.csproj", "{DE42123E-58EF-49D0-AEB8-7800E25C5905}"
EndProject
Project("{FAE04EC0-301F-11D3-BF4B-00C04F79EFBC}") = "DataLayer", "DataLayer\DataLayer.csproj", "{23479383-AD66-4489-82BC-5C65950E6E26}"
EndProject
Project("{FAE04EC0-301F-11D3-BF4B-00C04F79EFBC}") = "Services", "Services\Services.csproj", "{A81F92CE-4FAD-402B-A704-6A7317B5FB3D}"
EndProject
Project("{FAE04EC0-301F-11D3-BF4B-00C04F79EFBC}") = "WebApi", "WebApi\WebApi.csproj", "{65360535-AD99-45ED-9300-75E36DC19A3F}"
EndProject
Global
	GlobalSection(SolutionConfigurationPlatforms) = preSolution
		Debug|Any CPU = Debug|Any CPU
		Release|Any CPU = Release|Any CPU
	EndGlobalSection
	GlobalSection(ProjectConfigurationPlatforms) = postSolution
		{B2AB9A1C-C1C8-4398-900C-1562C82EED34}.Debug|Any CPU.ActiveCfg = Debug|Any CPU
		{B2AB9A1C-C1C8-4398-900C-1562C82EED34}.Debug|Any CPU.Build.0 = Debug|Any CPU
		{B2AB9A1C-C1C8-4398-900C-1562C82EED34}.Release|Any CPU.ActiveCfg = Release|Any CPU
		{B2AB9A1C-C1C8-4398-900C-1562C82EED34}.Release|Any CPU.Build.0 = Release|Any CPU
		{CE455195-D135-48BC-B460-86643D782736}.Debug|Any CPU.ActiveCfg = Debug|Any CPU
		{CE455195-D135-48BC-B460-86643D782736}.Debug|Any CPU.Build.0 = Debug|Any CPU
		{CE455195-D135-48BC-B460-86643D782736}.Release|Any CPU.ActiveCfg = Release|Any CPU
		{CE455195-D135-48BC-B460-86643D782736}.Release|Any CPU.Build.0 = Release|Any CPU
		{DE42123E-58EF-49D0-AEB8-7800E25C5905}.Debug|Any CPU.ActiveCfg = Debug|Any CPU
		{DE42123E-58EF-49D0-AEB8-7800E25C5905}.Debug|Any CPU.Build.0 = Debug|Any CPU
		{DE42123E-58EF-49D0-AEB8-7800E25C5905}.Release|Any CPU.ActiveCfg = Release|Any CPU
		{DE42123E-58EF-49D0-AEB8-7800E25C5905}.Release|Any CPU.Build.0 = Release|Any CPU
		{23479383-AD66-4489-82BC-5C65950E6E26}.Debug|Any CPU.ActiveCfg = Debug|Any CPU
		{23479383-AD66-4489-82BC-5C65950E6E26}.Debug|Any CPU.Build.0 = Debug|Any CPU
		{23479383-AD66-4489-82BC-5C65950E6E26}.Release|Any CPU.ActiveCfg = Release|Any CPU
		{23479383-AD66-4489-82BC-5C65950E6E26}.Release|Any CPU.Build.0 = Release|Any CPU
		{A81F92CE-4FAD-402B-A704-6A7317B5FB3D}.Debug|Any CPU.ActiveCfg = Debug|Any CPU
		{A81F92CE-4FAD-402B-A704-6A7317B5FB3D}.Debug|Any CPU.Build.0 = Debug|Any CPU
		{A81F92CE-4FAD-402B-A704-6A7317B5FB3D}.Release|Any CPU.ActiveCfg = Release|Any CPU
		{A81F92CE-4FAD-402B-A704-6A7317B5FB3D}.Release|Any CPU.Build.0 = Release|Any CPU
		{65360535-AD99-45ED-9300-75E36DC19A3F}.Debug|Any CPU.ActiveCfg = Debug|Any CPU
		{65360535-AD99-45ED-9300-75E36DC19A3F}.Debug|Any CPU.Build.0 = Debug|Any CPU
		{65360535-AD99-45ED-9300-75E36DC19A3F}.Release|Any CPU.ActiveCfg = Release|Any CPU
		{65360535-AD99-45ED-9300-75E36DC19A3F}.Release|Any CPU.Build.0 = Release|Any CPU
	EndGlobalSection
EndGlobal
